{
  "requires": true,
  "lockfileVersion": 1,
  "dependencies": {
    "@babel/runtime-corejs2": {
      "version": "7.4.5",
      "resolved": "https://registry.npmjs.org/@babel/runtime-corejs2/-/runtime-corejs2-7.4.5.tgz",
      "integrity": "sha512-5yLuwzvIDecKwYMzJtiarky4Fb5643H3Ao5jwX0HrMR5oM5mn2iHH9wSZonxwNK0oAjAFUQAiOd4jT7/9Y2jMQ==",
      "requires": {
        "core-js": "^2.6.5",
        "regenerator-runtime": "^0.13.2"
      }
    },
    "core-js": {
      "version": "2.6.9",
      "resolved": "https://registry.npmjs.org/core-js/-/core-js-2.6.9.tgz",
      "integrity": "sha512-HOpZf6eXmnl7la+cUdMnLvUxKNqLUzJvgIziQ0DiF3JwSImNphIqdGqzj6hIKyX04MmV0poclQ7+wjWvxQyR2A=="
    },
    "eventemitter3": {
      "version": "3.1.2",
      "resolved": "https://registry.npmjs.org/eventemitter3/-/eventemitter3-3.1.2.tgz",
      "integrity": "sha512-tvtQIeLVHjDkJYnzf2dgVMxfuSGJeM/7UCG17TT4EumTfNtF+0nebF/4zWOIkCreAbtNqhGEboB6BWrwqNaw4Q=="
    },
    "howler": {
      "version": "2.1.2",
      "resolved": "https://registry.npmjs.org/howler/-/howler-2.1.2.tgz",
      "integrity": "sha512-oKrTFaVXsDRoB/jik7cEpWKTj7VieoiuzMYJ7E/EU5ayvmpRhumCv3YQ3823zi9VTJkSWAhbryHnlZAionGAJg=="
    },
    "objectFitPolyfill": {
      "version": "2.3.0",
      "resolved": "https://registry.npmjs.org/objectFitPolyfill/-/objectFitPolyfill-2.3.0.tgz",
      "integrity": "sha512-VgF98xGs2upBxO6a4FKGEEip5kXQCYpIwrKSDQ6oyFvPAmTrm6nPD/Y/IetoHx62HE6N82hWvc7Tc0evEBkoyA=="
    },
    "regenerator-runtime": {
      "version": "0.13.2",
      "resolved": "https://registry.npmjs.org/regenerator-runtime/-/regenerator-runtime-0.13.2.tgz",
      "integrity": "sha512-S/TQAZJO+D3m9xeN1WTI8dLKBBiRgXBlTJvbWjCThHWZj9EvHK70Ff50/tYj2J/fvBY6JtFVwRuazHN2E7M9BA=="
    },
    "rtcpeerconnection-shim": {
      "version": "1.2.15",
      "resolved": "https://registry.npmjs.org/rtcpeerconnection-shim/-/rtcpeerconnection-shim-1.2.15.tgz",
      "integrity": "sha512-C6DxhXt7bssQ1nHb154lqeL0SXz5Dx4RczXZu2Aa/L1NJFnEVDxFwCBo3fqtuljhHIGceg5JKBV4XJ0gW5JKyw==",
      "requires": {
        "sdp": "^2.6.0"
      }
    },
    "scandit-sdk": {
      "version": "4.3.0",
      "resolved": "https://registry.npmjs.org/scandit-sdk/-/scandit-sdk-4.3.0.tgz",
      "integrity": "sha512-RTe1Budur1XdksgNxh2zTFwg0TcSXxZsRSxoC/5GY2dJV2ig0qpQDx8dO1XhYkcJljHCnwLdFgrVLWtCii4pyw==",
      "requires": {
        "@babel/runtime-corejs2": "^7.4.5",
        "eventemitter3": "3.1.2",
        "howler": "^2.1.2",
        "objectFitPolyfill": "^2.2.0",
        "tslib": "^1.9.3",
        "ua-parser-js": "^0.7.19",
        "webrtc-adapter": "^7.2.3"
      }
    },
    "sdp": {
      "version": "2.9.0",
      "resolved": "https://registry.npmjs.org/sdp/-/sdp-2.9.0.tgz",
      "integrity": "sha512-XAVZQO4qsfzVTHorF49zCpkdxiGmPNjA8ps8RcJGtGP3QJ/A8I9/SVg/QnkAFDMXIyGbHZBBFwYBw6WdnhT96w=="
    },
    "tslib": {
      "version": "1.10.0",
      "resolved": "https://registry.npmjs.org/tslib/-/tslib-1.10.0.tgz",
      "integrity": "sha512-qOebF53frne81cf0S9B41ByenJ3/IuH8yJKngAX35CmiZySA0khhkovshKK+jGCaMnVomla7gVlIcc3EvKPbTQ=="
    },
    "ua-parser-js": {
      "version": "0.7.20",
      "resolved": "https://registry.npmjs.org/ua-parser-js/-/ua-parser-js-0.7.20.tgz",
      "integrity": "sha512-8OaIKfzL5cpx8eCMAhhvTlft8GYF8b2eQr6JkCyVdrgjcytyOmPCXrqXFcUnhonRpLlh5yxEZVohm6mzaowUOw=="
    },
    "webrtc-adapter": {
      "version": "7.2.4",
      "resolved": "https://registry.npmjs.org/webrtc-adapter/-/webrtc-adapter-7.2.4.tgz",
      "integrity": "sha512-i3Qg8gFY/XSpr9c8WtkXH50phJ2woXad5wdtF0uIZ5P/WHCGIRvElGOYhHRuA26+t0c+9/GsCv9L1/PGqXXu/A==",
      "requires": {
        "rtcpeerconnection-shim": "^1.2.15",
        "sdp": "^2.9.0"
      }
    }
  }
}
